
Microsoft Visual Studio Solution File, Format Version 12.00
# Visual Studio Version 17
VisualStudioVersion = 17.3.32901.215
MinimumVisualStudioVersion = 10.0.40219.1
Project("{FAE04EC0-301F-11D3-BF4B-00C04F79EFBC}") = "newapplication", "newapplication.csproj", "{B30484FD-2CB0-4719-A1E5-4B6843D6D7F2}"
EndProject
Global
	GlobalSection(SolutionConfigurationPlatforms) = preSolution
		Debug|Any CPU = Debug|Any CPU
		Release|Any CPU = Release|Any CPU
	EndGlobalSection
	GlobalSection(ProjectConfigurationPlatforms) = postSolution
		{B30484FD-2CB0-4719-A1E5-4B6843D6D7F2}.Debug|Any CPU.ActiveCfg = Debug|Any CPU
		{B30484FD-2CB0-4719-A1E5-4B6843D6D7F2}.Debug|Any CPU.Build.0 = Debug|Any CPU
		{B30484FD-2CB0-4719-A1E5-4B6843D6D7F2}.Release|Any CPU.ActiveCfg = Release|Any CPU
		{B30484FD-2CB0-4719-A1E5-4B6843D6D7F2}.Release|Any CPU.Build.0 = Release|Any CPU
	EndGlobalSection
	GlobalSection(SolutionProperties) = preSolution
		HideSolutionNode = FALSE
	EndGlobalSection
	GlobalSection(ExtensibilityGlobals) = postSolution
		SolutionGuid = {F83A242E-A6D2-4C7E-8F62-CEEEC3A94C62}
	EndGlobalSection
EndGlobal
